
Microsoft Visual Studio Solution File, Format Version 12.00
Project("{FAE04EC0-301F-11D3-BF4B-00C04F79EFBC}") = "Core", "Core\Core.csproj", "{071F99F7-AC0C-408B-B0A7-1B69F1ABC33D}"
EndProject
Project("{FAE04EC0-301F-11D3-BF4B-00C04F79EFBC}") = "DataAccess", "DataAccess\DataAccess.csproj", "{57B9BBD0-FEA9-41D6-BB11-B6512E93A2BF}"
EndProject
Project("{FAE04EC0-301F-11D3-BF4B-00C04F79EFBC}") = "Api", "Api\Api.csproj", "{F407F61A-E27F-4BD1-8343-1CA29B719C20}"
EndProject
Global
	GlobalSection(SolutionConfigurationPlatforms) = preSolution
		Debug|Any CPU = Debug|Any CPU
		Release|Any CPU = Release|Any CPU
	EndGlobalSection
	GlobalSection(ProjectConfigurationPlatforms) = postSolution
		{071F99F7-AC0C-408B-B0A7-1B69F1ABC33D}.Debug|Any CPU.ActiveCfg = Debug|Any CPU
		{071F99F7-AC0C-408B-B0A7-1B69F1ABC33D}.Debug|Any CPU.Build.0 = Debug|Any CPU
		{071F99F7-AC0C-408B-B0A7-1B69F1ABC33D}.Release|Any CPU.ActiveCfg = Release|Any CPU
		{071F99F7-AC0C-408B-B0A7-1B69F1ABC33D}.Release|Any CPU.Build.0 = Release|Any CPU
		{57B9BBD0-FEA9-41D6-BB11-B6512E93A2BF}.Debug|Any CPU.ActiveCfg = Debug|Any CPU
		{57B9BBD0-FEA9-41D6-BB11-B6512E93A2BF}.Debug|Any CPU.Build.0 = Debug|Any CPU
		{57B9BBD0-FEA9-41D6-BB11-B6512E93A2BF}.Release|Any CPU.ActiveCfg = Release|Any CPU
		{57B9BBD0-FEA9-41D6-BB11-B6512E93A2BF}.Release|Any CPU.Build.0 = Release|Any CPU
		{F407F61A-E27F-4BD1-8343-1CA29B719C20}.Debug|Any CPU.ActiveCfg = Debug|Any CPU
		{F407F61A-E27F-4BD1-8343-1CA29B719C20}.Debug|Any CPU.Build.0 = Debug|Any CPU
		{F407F61A-E27F-4BD1-8343-1CA29B719C20}.Release|Any CPU.ActiveCfg = Release|Any CPU
		{F407F61A-E27F-4BD1-8343-1CA29B719C20}.Release|Any CPU.Build.0 = Release|Any CPU
	EndGlobalSection
EndGlobal
